{
  "name": "npm-community",
  "version": "1.0.0",
  "lockfileVersion": 1,
  "requires": true,
  "dependencies": {
    "discourse-js": {
      "version": "1.3.1",
      "resolved": "https://registry.npmjs.org/discourse-js/-/discourse-js-1.3.1.tgz",
      "integrity": "sha512-bNF3nmZYOd6PM1kplLwUt+5+sfu1RPuGtlTZjcJnB7oVZjhum10+SKM4NTP7+8KqrWXeoq80aQ7yAKscDoQGMg=="
    }
  }
}
